
Microsoft Visual Studio Solution File, Format Version 12.00
# Visual Studio Version 17
VisualStudioVersion = 17.1.32210.238
MinimumVisualStudioVersion = 10.0.40219.1
Project("{8BC9CEB8-8B4A-11D0-8D11-00A0C91BC942}") = "StdVector", "StdVector\StdVector.vcxproj", "{52087C8E-A055-4848-8F10-ED7C538A5CC1}"
EndProject
Global
	GlobalSection(SolutionConfigurationPlatforms) = preSolution
		Debug|x64 = Debug|x64
		Debug|x86 = Debug|x86
		Release|x64 = Release|x64
		Release|x86 = Release|x86
	EndGlobalSection
	GlobalSection(ProjectConfigurationPlatforms) = postSolution
		{52087C8E-A055-4848-8F10-ED7C538A5CC1}.Debug|x64.ActiveCfg = Debug|x64
		{52087C8E-A055-4848-8F10-ED7C538A5CC1}.Debug|x64.Build.0 = Debug|x64
		{52087C8E-A055-4848-8F10-ED7C538A5CC1}.Debug|x86.ActiveCfg = Debug|Win32
		{52087C8E-A055-4848-8F10-ED7C538A5CC1}.Debug|x86.Build.0 = Debug|Win32
		{52087C8E-A055-4848-8F10-ED7C538A5CC1}.Release|x64.ActiveCfg = Release|x64
		{52087C8E-A055-4848-8F10-ED7C538A5CC1}.Release|x64.Build.0 = Release|x64
		{52087C8E-A055-4848-8F10-ED7C538A5CC1}.Release|x86.ActiveCfg = Release|Win32
		{52087C8E-A055-4848-8F10-ED7C538A5CC1}.Release|x86.Build.0 = Release|Win32
	EndGlobalSection
	GlobalSection(SolutionProperties) = preSolution
		HideSolutionNode = FALSE
	EndGlobalSection
	GlobalSection(ExtensibilityGlobals) = postSolution
		SolutionGuid = {48E7E8C1-DD95-402B-9200-545DF560D11E}
	EndGlobalSection
EndGlobal
